{
  "version": 4,
  "terraform_version": "1.4.6",
  "serial": 4,
  "lineage": "cd5f218d-99f7-d61a-ae7f-03ab6eb2dae7",
  "outputs": {},
  "resources": [
    {
      "mode": "managed",
      "type": "azurerm_resource_group",
      "name": "rg",
      "provider": "provider[\"registry.terraform.io/hashicorp/azurerm\"]",
      "instances": [
        {
          "schema_version": 0,
          "attributes": {
            "id": "/subscriptions/ce491bec-b6db-40b3-ba8d-a2f665768adc/resourceGroups/rg-brendan-serivcebus-tf",
            "location": "australiaeast",
            "name": "rg-brendan-serivcebus-tf",
            "tags": null,
            "timeouts": null
          },
          "sensitive_attributes": [],
          "private": "eyJlMmJmYjczMC1lY2FhLTExZTYtOGY4OC0zNDM2M2JjN2M0YzAiOnsiY3JlYXRlIjo1NDAwMDAwMDAwMDAwLCJkZWxldGUiOjU0MDAwMDAwMDAwMDAsInJlYWQiOjMwMDAwMDAwMDAwMCwidXBkYXRlIjo1NDAwMDAwMDAwMDAwfX0="
        }
      ]
    },
    {
      "mode": "managed",
      "type": "azurerm_servicebus_namespace",
      "name": "namespace",
      "provider": "provider[\"registry.terraform.io/hashicorp/azurerm\"]",
      "instances": [
        {
          "schema_version": 1,
          "attributes": {
            "capacity": 0,
            "default_primary_connection_string": "Endpoint=sb://brendan-sb-namespace-tf.servicebus.windows.net/;SharedAccessKeyName=RootManageSharedAccessKey;SharedAccessKey=m6qQUw3zpSwIAlpkf/Se752ZZms7zHxtn+ASbI1aTQ0=",
            "default_primary_key": "m6qQUw3zpSwIAlpkf/Se752ZZms7zHxtn+ASbI1aTQ0=",
            "default_secondary_connection_string": "Endpoint=sb://brendan-sb-namespace-tf.servicebus.windows.net/;SharedAccessKeyName=RootManageSharedAccessKey;SharedAccessKey=z32SFqyslm2v4D8L++eAVDQ6y0masgtMw+ASbP9EkNg=",
            "default_secondary_key": "z32SFqyslm2v4D8L++eAVDQ6y0masgtMw+ASbP9EkNg=",
            "id": "/subscriptions/ce491bec-b6db-40b3-ba8d-a2f665768adc/resourceGroups/rg-brendan-serivcebus-tf/providers/Microsoft.ServiceBus/namespaces/brendan-sb-namespace-tf",
            "identity": [],
            "location": "australiaeast",
            "name": "brendan-sb-namespace-tf",
            "resource_group_name": "rg-brendan-serivcebus-tf",
            "sku": "Standard",
            "tags": {
              "source": "terraform"
            },
            "timeouts": null,
            "zone_redundant": false
          },
          "sensitive_attributes": [],
          "private": "eyJlMmJmYjczMC1lY2FhLTExZTYtOGY4OC0zNDM2M2JjN2M0YzAiOnsiY3JlYXRlIjoxODAwMDAwMDAwMDAwLCJkZWxldGUiOjE4MDAwMDAwMDAwMDAsInJlYWQiOjMwMDAwMDAwMDAwMCwidXBkYXRlIjoxODAwMDAwMDAwMDAwfSwic2NoZW1hX3ZlcnNpb24iOiIxIn0=",
          "dependencies": [
            "azurerm_resource_group.rg"
          ]
        }
      ]
    },
    {
      "mode": "managed",
      "type": "azurerm_servicebus_queue",
      "name": "test-queue",
      "provider": "provider[\"registry.terraform.io/hashicorp/azurerm\"]",
      "instances": [
        {
          "schema_version": 0,
          "attributes": {
            "auto_delete_on_idle": "P10675199DT2H48M5.4775807S",
            "dead_lettering_on_message_expiration": false,
            "default_message_ttl": "P10675199DT2H48M5.4775807S",
            "duplicate_detection_history_time_window": "PT10M",
            "enable_batched_operations": true,
            "enable_express": false,
            "enable_partitioning": false,
            "forward_dead_lettered_messages_to": "",
            "forward_to": "",
            "id": "/subscriptions/ce491bec-b6db-40b3-ba8d-a2f665768adc/resourceGroups/rg-brendan-serivcebus-tf/providers/Microsoft.ServiceBus/namespaces/brendan-sb-namespace-tf/queues/test-queue",
            "lock_duration": "PT1M",
            "max_delivery_count": 5,
            "max_message_size_in_kilobytes": 256,
            "max_size_in_megabytes": 5120,
            "name": "test-queue",
            "namespace_id": "/subscriptions/ce491bec-b6db-40b3-ba8d-a2f665768adc/resourceGroups/rg-brendan-serivcebus-tf/providers/Microsoft.ServiceBus/namespaces/brendan-sb-namespace-tf",
            "requires_duplicate_detection": false,
            "requires_session": false,
            "status": "Active",
            "timeouts": null
          },
          "sensitive_attributes": [],
          "private": "eyJlMmJmYjczMC1lY2FhLTExZTYtOGY4OC0zNDM2M2JjN2M0YzAiOnsiY3JlYXRlIjoxODAwMDAwMDAwMDAwLCJkZWxldGUiOjE4MDAwMDAwMDAwMDAsInJlYWQiOjMwMDAwMDAwMDAwMCwidXBkYXRlIjoxODAwMDAwMDAwMDAwfX0=",
          "dependencies": [
            "azurerm_resource_group.rg",
            "azurerm_servicebus_namespace.namespace"
          ]
        }
      ]
    }
  ],
  "check_results": null
}
